// !$*UTF8*$!
{
	archiveVersion = 1;
	classes = {
	};
	objectVersion = 56;
	objects = {

/* Begin PBXBuildFile section */
		12086BEC2CD6C48800691154 /* AppDelegate.swift in Sources */ = {isa = PBXBuildFile; fileRef = 12086BEB2CD6C48800691154 /* AppDelegate.swift */; };
		12086BEE2CD6C48800691154 /* SceneDelegate.swift in Sources */ = {isa = PBXBuildFile; fileRef = 12086BED2CD6C48800691154 /* SceneDelegate.swift */; };
		12086BF02CD6C48800691154 /* ImagesListViewController.swift in Sources */ = {isa = PBXBuildFile; fileRef = 12086BEF2CD6C48800691154 /* ImagesListViewController.swift */; };
		12086BF32CD6C48800691154 /* Base in Resources */ = {isa = PBXBuildFile; fileRef = 12086BF22CD6C48800691154 /* Base */; };
		12086BF52CD6C48900691154 /* Assets.xcassets in Resources */ = {isa = PBXBuildFile; fileRef = 12086BF42CD6C48900691154 /* Assets.xcassets */; };
		12086BF82CD6C48900691154 /* Base in Resources */ = {isa = PBXBuildFile; fileRef = 12086BF72CD6C48900691154 /* Base */; };
		12086C032CD6C48900691154 /* ImageFeedTests.swift in Sources */ = {isa = PBXBuildFile; fileRef = 12086C022CD6C48900691154 /* ImageFeedTests.swift */; };
		12086C0F2CD6C48900691154 /* ImageFeedUITestsLaunchTests.swift in Sources */ = {isa = PBXBuildFile; fileRef = 12086C0E2CD6C48900691154 /* ImageFeedUITestsLaunchTests.swift */; };
		12086C582CDAAE0200691154 /* ImagesListCell.swift in Sources */ = {isa = PBXBuildFile; fileRef = 12086C572CDAAE0200691154 /* ImagesListCell.swift */; };
		12086C972CE23C3800691154 /* ProfileViewController.swift in Sources */ = {isa = PBXBuildFile; fileRef = 12086C962CE23C3800691154 /* ProfileViewController.swift */; };
		12086C9B2CE38B8100691154 /* SingleImageViewController.swift in Sources */ = {isa = PBXBuildFile; fileRef = 12086C9A2CE38B8100691154 /* SingleImageViewController.swift */; };
		121D05472D1AE47700893B77 /* ProgressHUD in Frameworks */ = {isa = PBXBuildFile; productRef = 121D05462D1AE47700893B77 /* ProgressHUD */; };
		121D05492D295D6000893B77 /* UIBlockingProgressHUD.swift in Sources */ = {isa = PBXBuildFile; fileRef = 121D05482D295D6000893B77 /* UIBlockingProgressHUD.swift */; };
		121D054C2D295FAD00893B77 /* ProfileService.swift in Sources */ = {isa = PBXBuildFile; fileRef = 121D054B2D295FAD00893B77 /* ProfileService.swift */; };
		121D054E2D2BE6BB00893B77 /* ProfileImageService.swift in Sources */ = {isa = PBXBuildFile; fileRef = 121D054D2D2BE6BB00893B77 /* ProfileImageService.swift */; };
		121D05502D2C0FD100893B77 /* ImageFeedUITests.swift in Sources */ = {isa = PBXBuildFile; fileRef = 12086C0C2CD6C48900691154 /* ImageFeedUITests.swift */; };
		121D05522D2C103600893B77 /* AlertTest.swift in Sources */ = {isa = PBXBuildFile; fileRef = 121D05512D2C103600893B77 /* AlertTest.swift */; };
		1291A33E2D46710800832EB1 /* ImagesListService.swift in Sources */ = {isa = PBXBuildFile; fileRef = 1291A33D2D46710800832EB1 /* ImagesListService.swift */; };
		12984D8A2D2FEEDF009B6563 /* Kingfisher in Frameworks */ = {isa = PBXBuildFile; productRef = 12984D892D2FEEDF009B6563 /* Kingfisher */; };
		12984D8D2D3015C8009B6563 /* SwiftKeychainWrapper in Frameworks */ = {isa = PBXBuildFile; productRef = 12984D8C2D3015C8009B6563 /* SwiftKeychainWrapper */; };
		12984D902D301D1A009B6563 /* TabBarController.swift in Sources */ = {isa = PBXBuildFile; fileRef = 12984D8F2D301D1A009B6563 /* TabBarController.swift */; };
		12CAF5AB2CEC9197009E059C /* SF-Pro-Text-Regular.otf in Resources */ = {isa = PBXBuildFile; fileRef = 12CAF5A92CEC9179009E059C /* SF-Pro-Text-Regular.otf */; };
		12CAF5AC2CEC919A009E059C /* SF-Pro-Text-Bold.otf in Resources */ = {isa = PBXBuildFile; fileRef = 12CAF5AA2CEC9179009E059C /* SF-Pro-Text-Bold.otf */; };
		12CAF5AE2CECAA30009E059C /* UIColor + Extension.swift in Sources */ = {isa = PBXBuildFile; fileRef = 12CAF5AD2CECAA30009E059C /* UIColor + Extension.swift */; };
		12CAF5B02CF610A4009E059C /* Constants.swift in Sources */ = {isa = PBXBuildFile; fileRef = 12CAF5AF2CF610A4009E059C /* Constants.swift */; };
		12EE60D22CF888AD00177CD4 /* AuthViewController.swift in Sources */ = {isa = PBXBuildFile; fileRef = 12EE60D12CF888AD00177CD4 /* AuthViewController.swift */; };
		12EE60D62CF8A64100177CD4 /* WebViewViewController.swift in Sources */ = {isa = PBXBuildFile; fileRef = 12EE60D52CF8A64100177CD4 /* WebViewViewController.swift */; };
		12EE60DA2CFC951300177CD4 /* OAuth2Service.swift in Sources */ = {isa = PBXBuildFile; fileRef = 12EE60D92CFC951300177CD4 /* OAuth2Service.swift */; };
		12EE60DC2CFCCB0100177CD4 /* NetworkClient.swift in Sources */ = {isa = PBXBuildFile; fileRef = 12EE60DB2CFCCB0100177CD4 /* NetworkClient.swift */; };
		12EE60DE2CFCD06F00177CD4 /* OAuth2TokenStorage.swift in Sources */ = {isa = PBXBuildFile; fileRef = 12EE60DD2CFCD06F00177CD4 /* OAuth2TokenStorage.swift */; };
		12EE60E02CFCF87600177CD4 /* SplashViewController.swift in Sources */ = {isa = PBXBuildFile; fileRef = 12EE60DF2CFCF87600177CD4 /* SplashViewController.swift */; };
		12EE60E72CFFA83200177CD4 /* Main.storyboard in Resources */ = {isa = PBXBuildFile; fileRef = 12086BF12CD6C48800691154 /* Main.storyboard */; };
/* End PBXBuildFile section */

/* Begin PBXContainerItemProxy section */
		12086BFF2CD6C48900691154 /* PBXContainerItemProxy */ = {
			isa = PBXContainerItemProxy;
			containerPortal = 12086BE02CD6C48800691154 /* Project object */;
			proxyType = 1;
			remoteGlobalIDString = 12086BE72CD6C48800691154;
			remoteInfo = ImageFeed;
		};
		12086C092CD6C48900691154 /* PBXContainerItemProxy */ = {
			isa = PBXContainerItemProxy;
			containerPortal = 12086BE02CD6C48800691154 /* Project object */;
			proxyType = 1;
			remoteGlobalIDString = 12086BE72CD6C48800691154;
			remoteInfo = ImageFeed;
		};
/* End PBXContainerItemProxy section */

/* Begin PBXFileReference section */
		12086BE82CD6C48800691154 /* ImageFeed.app */ = {isa = PBXFileReference; explicitFileType = wrapper.application; includeInIndex = 0; path = ImageFeed.app; sourceTree = BUILT_PRODUCTS_DIR; };
		12086BEB2CD6C48800691154 /* AppDelegate.swift */ = {isa = PBXFileReference; lastKnownFileType = sourcecode.swift; path = AppDelegate.swift; sourceTree = "<group>"; };
		12086BED2CD6C48800691154 /* SceneDelegate.swift */ = {isa = PBXFileReference; lastKnownFileType = sourcecode.swift; path = SceneDelegate.swift; sourceTree = "<group>"; };
		12086BEF2CD6C48800691154 /* ImagesListViewController.swift */ = {isa = PBXFileReference; lastKnownFileType = sourcecode.swift; path = ImagesListViewController.swift; sourceTree = "<group>"; };
		12086BF22CD6C48800691154 /* Base */ = {isa = PBXFileReference; lastKnownFileType = file.storyboard; name = Base; path = Base.lproj/Main.storyboard; sourceTree = "<group>"; };
		12086BF42CD6C48900691154 /* Assets.xcassets */ = {isa = PBXFileReference; lastKnownFileType = folder.assetcatalog; path = Assets.xcassets; sourceTree = "<group>"; };
		12086BF72CD6C48900691154 /* Base */ = {isa = PBXFileReference; lastKnownFileType = file.storyboard; name = Base; path = Base.lproj/LaunchScreen.storyboard; sourceTree = "<group>"; };
		12086BF92CD6C48900691154 /* Info.plist */ = {isa = PBXFileReference; lastKnownFileType = text.plist.xml; path = Info.plist; sourceTree = "<group>"; };
		12086BFE2CD6C48900691154 /* ImageFeedTests.xctest */ = {isa = PBXFileReference; explicitFileType = wrapper.cfbundle; includeInIndex = 0; path = ImageFeedTests.xctest; sourceTree = BUILT_PRODUCTS_DIR; };
		12086C022CD6C48900691154 /* ImageFeedTests.swift */ = {isa = PBXFileReference; lastKnownFileType = sourcecode.swift; path = ImageFeedTests.swift; sourceTree = "<group>"; };
		12086C082CD6C48900691154 /* ImageFeedUITests.xctest */ = {isa = PBXFileReference; explicitFileType = wrapper.cfbundle; includeInIndex = 0; path = ImageFeedUITests.xctest; sourceTree = BUILT_PRODUCTS_DIR; };
		12086C0C2CD6C48900691154 /* ImageFeedUITests.swift */ = {isa = PBXFileReference; lastKnownFileType = sourcecode.swift; path = ImageFeedUITests.swift; sourceTree = "<group>"; };
		12086C0E2CD6C48900691154 /* ImageFeedUITestsLaunchTests.swift */ = {isa = PBXFileReference; lastKnownFileType = sourcecode.swift; path = ImageFeedUITestsLaunchTests.swift; sourceTree = "<group>"; };
		12086C572CDAAE0200691154 /* ImagesListCell.swift */ = {isa = PBXFileReference; lastKnownFileType = sourcecode.swift; path = ImagesListCell.swift; sourceTree = "<group>"; };
		12086C962CE23C3800691154 /* ProfileViewController.swift */ = {isa = PBXFileReference; lastKnownFileType = sourcecode.swift; path = ProfileViewController.swift; sourceTree = "<group>"; };
		12086C9A2CE38B8100691154 /* SingleImageViewController.swift */ = {isa = PBXFileReference; lastKnownFileType = sourcecode.swift; path = SingleImageViewController.swift; sourceTree = "<group>"; };
		121D05482D295D6000893B77 /* UIBlockingProgressHUD.swift */ = {isa = PBXFileReference; lastKnownFileType = sourcecode.swift; path = UIBlockingProgressHUD.swift; sourceTree = "<group>"; };
		121D054B2D295FAD00893B77 /* ProfileService.swift */ = {isa = PBXFileReference; lastKnownFileType = sourcecode.swift; path = ProfileService.swift; sourceTree = "<group>"; };
		121D054D2D2BE6BB00893B77 /* ProfileImageService.swift */ = {isa = PBXFileReference; lastKnownFileType = sourcecode.swift; path = ProfileImageService.swift; sourceTree = "<group>"; };
		121D05512D2C103600893B77 /* AlertTest.swift */ = {isa = PBXFileReference; lastKnownFileType = sourcecode.swift; path = AlertTest.swift; sourceTree = "<group>"; };
		1291A33D2D46710800832EB1 /* ImagesListService.swift */ = {isa = PBXFileReference; lastKnownFileType = sourcecode.swift; path = ImagesListService.swift; sourceTree = "<group>"; };
		12984D8F2D301D1A009B6563 /* TabBarController.swift */ = {isa = PBXFileReference; lastKnownFileType = sourcecode.swift; path = TabBarController.swift; sourceTree = "<group>"; };
		12CAF5A92CEC9179009E059C /* SF-Pro-Text-Regular.otf */ = {isa = PBXFileReference; lastKnownFileType = file; path = "SF-Pro-Text-Regular.otf"; sourceTree = "<group>"; };
		12CAF5AA2CEC9179009E059C /* SF-Pro-Text-Bold.otf */ = {isa = PBXFileReference; lastKnownFileType = file; path = "SF-Pro-Text-Bold.otf"; sourceTree = "<group>"; };
		12CAF5AD2CECAA30009E059C /* UIColor + Extension.swift */ = {isa = PBXFileReference; lastKnownFileType = sourcecode.swift; path = "UIColor + Extension.swift"; sourceTree = "<group>"; };
		12CAF5AF2CF610A4009E059C /* Constants.swift */ = {isa = PBXFileReference; lastKnownFileType = sourcecode.swift; path = Constants.swift; sourceTree = "<group>"; };
		12EE60D12CF888AD00177CD4 /* AuthViewController.swift */ = {isa = PBXFileReference; lastKnownFileType = sourcecode.swift; path = AuthViewController.swift; sourceTree = "<group>"; };
		12EE60D52CF8A64100177CD4 /* WebViewViewController.swift */ = {isa = PBXFileReference; lastKnownFileType = sourcecode.swift; path = WebViewViewController.swift; sourceTree = "<group>"; };
		12EE60D92CFC951300177CD4 /* OAuth2Service.swift */ = {isa = PBXFileReference; lastKnownFileType = sourcecode.swift; path = OAuth2Service.swift; sourceTree = "<group>"; };
		12EE60DB2CFCCB0100177CD4 /* NetworkClient.swift */ = {isa = PBXFileReference; lastKnownFileType = sourcecode.swift; path = NetworkClient.swift; sourceTree = "<group>"; };
		12EE60DD2CFCD06F00177CD4 /* OAuth2TokenStorage.swift */ = {isa = PBXFileReference; lastKnownFileType = sourcecode.swift; path = OAuth2TokenStorage.swift; sourceTree = "<group>"; };
		12EE60DF2CFCF87600177CD4 /* SplashViewController.swift */ = {isa = PBXFileReference; lastKnownFileType = sourcecode.swift; path = SplashViewController.swift; sourceTree = "<group>"; };
/* End PBXFileReference section */

/* Begin PBXFrameworksBuildPhase section */
		12086BE52CD6C48800691154 /* Frameworks */ = {
			isa = PBXFrameworksBuildPhase;
			buildActionMask = 2147483647;
			files = (
				12984D8A2D2FEEDF009B6563 /* Kingfisher in Frameworks */,
				121D05472D1AE47700893B77 /* ProgressHUD in Frameworks */,
				12984D8D2D3015C8009B6563 /* SwiftKeychainWrapper in Frameworks */,
			);
			runOnlyForDeploymentPostprocessing = 0;
		};
		12086BFB2CD6C48900691154 /* Frameworks */ = {
			isa = PBXFrameworksBuildPhase;
			buildActionMask = 2147483647;
			files = (
			);
			runOnlyForDeploymentPostprocessing = 0;
		};
		12086C052CD6C48900691154 /* Frameworks */ = {
			isa = PBXFrameworksBuildPhase;
			buildActionMask = 2147483647;
			files = (
			);
			runOnlyForDeploymentPostprocessing = 0;
		};
/* End PBXFrameworksBuildPhase section */

/* Begin PBXGroup section */
		12086BDF2CD6C48800691154 = {
			isa = PBXGroup;
			children = (
				12086BEA2CD6C48800691154 /* ImageFeed */,
				12086C012CD6C48900691154 /* ImageFeedTests */,
				12086C0B2CD6C48900691154 /* ImageFeedUITests */,
				12086BE92CD6C48800691154 /* Products */,
			);
			sourceTree = "<group>";
		};
		12086BE92CD6C48800691154 /* Products */ = {
			isa = PBXGroup;
			children = (
				12086BE82CD6C48800691154 /* ImageFeed.app */,
				12086BFE2CD6C48900691154 /* ImageFeedTests.xctest */,
				12086C082CD6C48900691154 /* ImageFeedUITests.xctest */,
			);
			name = Products;
			sourceTree = "<group>";
		};
		12086BEA2CD6C48800691154 /* ImageFeed */ = {
			isa = PBXGroup;
			children = (
				12086BEB2CD6C48800691154 /* AppDelegate.swift */,
				12086BED2CD6C48800691154 /* SceneDelegate.swift */,
				12CAF5AF2CF610A4009E059C /* Constants.swift */,
				1291A33C2D4670EE00832EB1 /* ImagesListService */,
				12984D8E2D301D0D009B6563 /* TabBarController */,
				121D054A2D295F7400893B77 /* ProfileService */,
				12EE60E22CFDE84500177CD4 /* SplashViewController */,
				12EE60E12CFDE82600177CD4 /* OAuth2Service */,
				12086C992CE24E7500691154 /* ProfileView */,
				12086C592CDAAE2200691154 /* ImagesList */,
				12EE60D02CF8888400177CD4 /* AuthPage */,
				12CAF5A72CEC9162009E059C /* Resources */,
				12086BF62CD6C48900691154 /* LaunchScreen.storyboard */,
				12086BF12CD6C48800691154 /* Main.storyboard */,
				12086BF92CD6C48900691154 /* Info.plist */,
			);
			path = ImageFeed;
			sourceTree = "<group>";
		};
		12086C012CD6C48900691154 /* ImageFeedTests */ = {
			isa = PBXGroup;
			children = (
				12086C022CD6C48900691154 /* ImageFeedTests.swift */,
			);
			path = ImageFeedTests;
			sourceTree = "<group>";
		};
		12086C0B2CD6C48900691154 /* ImageFeedUITests */ = {
			isa = PBXGroup;
			children = (
				12086C0C2CD6C48900691154 /* ImageFeedUITests.swift */,
				12086C0E2CD6C48900691154 /* ImageFeedUITestsLaunchTests.swift */,
				121D05512D2C103600893B77 /* AlertTest.swift */,
			);
			path = ImageFeedUITests;
			sourceTree = "<group>";
		};
		12086C592CDAAE2200691154 /* ImagesList */ = {
			isa = PBXGroup;
			children = (
				12086BEF2CD6C48800691154 /* ImagesListViewController.swift */,
				12086C572CDAAE0200691154 /* ImagesListCell.swift */,
				12086C9A2CE38B8100691154 /* SingleImageViewController.swift */,
			);
			path = ImagesList;
			sourceTree = "<group>";
		};
		12086C992CE24E7500691154 /* ProfileView */ = {
			isa = PBXGroup;
			children = (
				12086C962CE23C3800691154 /* ProfileViewController.swift */,
			);
			path = ProfileView;
			sourceTree = "<group>";
		};
		121D054A2D295F7400893B77 /* ProfileService */ = {
			isa = PBXGroup;
			children = (
				121D054B2D295FAD00893B77 /* ProfileService.swift */,
				121D054D2D2BE6BB00893B77 /* ProfileImageService.swift */,
			);
			path = ProfileService;
			sourceTree = "<group>";
		};
		1291A33C2D4670EE00832EB1 /* ImagesListService */ = {
			isa = PBXGroup;
			children = (
				1291A33D2D46710800832EB1 /* ImagesListService.swift */,
			);
			path = ImagesListService;
			sourceTree = "<group>";
		};
		12984D8E2D301D0D009B6563 /* TabBarController */ = {
			isa = PBXGroup;
			children = (
				12984D8F2D301D1A009B6563 /* TabBarController.swift */,
			);
			path = TabBarController;
			sourceTree = "<group>";
		};
		12CAF5A72CEC9162009E059C /* Resources */ = {
			isa = PBXGroup;
			children = (
				12086BF42CD6C48900691154 /* Assets.xcassets */,
				12CAF5AD2CECAA30009E059C /* UIColor + Extension.swift */,
				12CAF5A82CEC9179009E059C /* ImageFeedFonts */,
			);
			path = Resources;
			sourceTree = "<group>";
		};
		12CAF5A82CEC9179009E059C /* ImageFeedFonts */ = {
			isa = PBXGroup;
			children = (
				12CAF5AA2CEC9179009E059C /* SF-Pro-Text-Bold.otf */,
				12CAF5A92CEC9179009E059C /* SF-Pro-Text-Regular.otf */,
			);
			path = ImageFeedFonts;
			sourceTree = "<group>";
		};
		12EE60D02CF8888400177CD4 /* AuthPage */ = {
			isa = PBXGroup;
			children = (
				12EE60D12CF888AD00177CD4 /* AuthViewController.swift */,
				12EE60D52CF8A64100177CD4 /* WebViewViewController.swift */,
			);
			path = AuthPage;
			sourceTree = "<group>";
		};
		12EE60E12CFDE82600177CD4 /* OAuth2Service */ = {
			isa = PBXGroup;
			children = (
				12EE60DB2CFCCB0100177CD4 /* NetworkClient.swift */,
				12EE60D92CFC951300177CD4 /* OAuth2Service.swift */,
				12EE60DD2CFCD06F00177CD4 /* OAuth2TokenStorage.swift */,
				121D05482D295D6000893B77 /* UIBlockingProgressHUD.swift */,
			);
			path = OAuth2Service;
			sourceTree = "<group>";
		};
		12EE60E22CFDE84500177CD4 /* SplashViewController */ = {
			isa = PBXGroup;
			children = (
				12EE60DF2CFCF87600177CD4 /* SplashViewController.swift */,
			);
			path = SplashViewController;
			sourceTree = "<group>";
		};
/* End PBXGroup section */

/* Begin PBXNativeTarget section */
		12086BE72CD6C48800691154 /* ImageFeed */ = {
			isa = PBXNativeTarget;
			buildConfigurationList = 12086C122CD6C48900691154 /* Build configuration list for PBXNativeTarget "ImageFeed" */;
			buildPhases = (
				12086BE42CD6C48800691154 /* Sources */,
				12086BE52CD6C48800691154 /* Frameworks */,
				12086BE62CD6C48800691154 /* Resources */,
			);
			buildRules = (
			);
			dependencies = (
			);
			name = ImageFeed;
			packageProductDependencies = (
				121D05462D1AE47700893B77 /* ProgressHUD */,
				12984D892D2FEEDF009B6563 /* Kingfisher */,
				12984D8C2D3015C8009B6563 /* SwiftKeychainWrapper */,
			);
			productName = ImageFeed;
			productReference = 12086BE82CD6C48800691154 /* ImageFeed.app */;
			productType = "com.apple.product-type.application";
		};
		12086BFD2CD6C48900691154 /* ImageFeedTests */ = {
			isa = PBXNativeTarget;
			buildConfigurationList = 12086C152CD6C48900691154 /* Build configuration list for PBXNativeTarget "ImageFeedTests" */;
			buildPhases = (
				12086BFA2CD6C48900691154 /* Sources */,
				12086BFB2CD6C48900691154 /* Frameworks */,
				12086BFC2CD6C48900691154 /* Resources */,
			);
			buildRules = (
			);
			dependencies = (
				12086C002CD6C48900691154 /* PBXTargetDependency */,
			);
			name = ImageFeedTests;
			productName = ImageFeedTests;
			productReference = 12086BFE2CD6C48900691154 /* ImageFeedTests.xctest */;
			productType = "com.apple.product-type.bundle.unit-test";
		};
		12086C072CD6C48900691154 /* ImageFeedUITests */ = {
			isa = PBXNativeTarget;
			buildConfigurationList = 12086C182CD6C48900691154 /* Build configuration list for PBXNativeTarget "ImageFeedUITests" */;
			buildPhases = (
				12086C042CD6C48900691154 /* Sources */,
				12086C052CD6C48900691154 /* Frameworks */,
				12086C062CD6C48900691154 /* Resources */,
			);
			buildRules = (
			);
			dependencies = (
				12086C0A2CD6C48900691154 /* PBXTargetDependency */,
			);
			name = ImageFeedUITests;
			productName = ImageFeedUITests;
			productReference = 12086C082CD6C48900691154 /* ImageFeedUITests.xctest */;
			productType = "com.apple.product-type.bundle.ui-testing";
		};
/* End PBXNativeTarget section */

/* Begin PBXProject section */
		12086BE02CD6C48800691154 /* Project object */ = {
			isa = PBXProject;
			attributes = {
				BuildIndependentTargetsInParallel = 1;
				LastSwiftUpdateCheck = 1540;
				LastUpgradeCheck = 1540;
				TargetAttributes = {
					12086BE72CD6C48800691154 = {
						CreatedOnToolsVersion = 15.4;
					};
					12086BFD2CD6C48900691154 = {
						CreatedOnToolsVersion = 15.4;
						TestTargetID = 12086BE72CD6C48800691154;
					};
					12086C072CD6C48900691154 = {
						CreatedOnToolsVersion = 15.4;
						TestTargetID = 12086BE72CD6C48800691154;
					};
				};
			};
			buildConfigurationList = 12086BE32CD6C48800691154 /* Build configuration list for PBXProject "ImageFeed" */;
			compatibilityVersion = "Xcode 14.0";
			developmentRegion = en;
			hasScannedForEncodings = 0;
			knownRegions = (
				en,
				Base,
			);
			mainGroup = 12086BDF2CD6C48800691154;
			packageReferences = (
				121D05452D1AE18B00893B77 /* XCRemoteSwiftPackageReference "ProgressHUD" */,
				12984D882D2FEEDF009B6563 /* XCRemoteSwiftPackageReference "Kingfisher" */,
				12984D8B2D3015C8009B6563 /* XCRemoteSwiftPackageReference "SwiftKeychainWrapper" */,
			);
			productRefGroup = 12086BE92CD6C48800691154 /* Products */;
			projectDirPath = "";
			projectRoot = "";
			targets = (
				12086BE72CD6C48800691154 /* ImageFeed */,
				12086BFD2CD6C48900691154 /* ImageFeedTests */,
				12086C072CD6C48900691154 /* ImageFeedUITests */,
			);
		};
/* End PBXProject section */

/* Begin PBXResourcesBuildPhase section */
		12086BE62CD6C48800691154 /* Resources */ = {
			isa = PBXResourcesBuildPhase;
			buildActionMask = 2147483647;
			files = (
				12086BF52CD6C48900691154 /* Assets.xcassets in Resources */,
				12CAF5AC2CEC919A009E059C /* SF-Pro-Text-Bold.otf in Resources */,
				12086BF82CD6C48900691154 /* Base in Resources */,
				12EE60E72CFFA83200177CD4 /* Main.storyboard in Resources */,
				12CAF5AB2CEC9197009E059C /* SF-Pro-Text-Regular.otf in Resources */,
				12086BF32CD6C48800691154 /* Base in Resources */,
			);
			runOnlyForDeploymentPostprocessing = 0;
		};
		12086BFC2CD6C48900691154 /* Resources */ = {
			isa = PBXResourcesBuildPhase;
			buildActionMask = 2147483647;
			files = (
			);
			runOnlyForDeploymentPostprocessing = 0;
		};
		12086C062CD6C48900691154 /* Resources */ = {
			isa = PBXResourcesBuildPhase;
			buildActionMask = 2147483647;
			files = (
			);
			runOnlyForDeploymentPostprocessing = 0;
		};
/* End PBXResourcesBuildPhase section */

/* Begin PBXSourcesBuildPhase section */
		12086BE42CD6C48800691154 /* Sources */ = {
			isa = PBXSourcesBuildPhase;
			buildActionMask = 2147483647;
			files = (
				12EE60D62CF8A64100177CD4 /* WebViewViewController.swift in Sources */,
				121D054C2D295FAD00893B77 /* ProfileService.swift in Sources */,
				12EE60D22CF888AD00177CD4 /* AuthViewController.swift in Sources */,
				12984D902D301D1A009B6563 /* TabBarController.swift in Sources */,
				12CAF5AE2CECAA30009E059C /* UIColor + Extension.swift in Sources */,
				12086BF02CD6C48800691154 /* ImagesListViewController.swift in Sources */,
				12EE60DA2CFC951300177CD4 /* OAuth2Service.swift in Sources */,
				121D054E2D2BE6BB00893B77 /* ProfileImageService.swift in Sources */,
				12EE60E02CFCF87600177CD4 /* SplashViewController.swift in Sources */,
				12086C582CDAAE0200691154 /* ImagesListCell.swift in Sources */,
				12086C972CE23C3800691154 /* ProfileViewController.swift in Sources */,
				121D05492D295D6000893B77 /* UIBlockingProgressHUD.swift in Sources */,
				12086BEC2CD6C48800691154 /* AppDelegate.swift in Sources */,
				12EE60DC2CFCCB0100177CD4 /* NetworkClient.swift in Sources */,
				1291A33E2D46710800832EB1 /* ImagesListService.swift in Sources */,
				12086C9B2CE38B8100691154 /* SingleImageViewController.swift in Sources */,
				12086BEE2CD6C48800691154 /* SceneDelegate.swift in Sources */,
				12EE60DE2CFCD06F00177CD4 /* OAuth2TokenStorage.swift in Sources */,
				12CAF5B02CF610A4009E059C /* Constants.swift in Sources */,
			);
			runOnlyForDeploymentPostprocessing = 0;
		};
		12086BFA2CD6C48900691154 /* Sources */ = {
			isa = PBXSourcesBuildPhase;
			buildActionMask = 2147483647;
			files = (
				12086C032CD6C48900691154 /* ImageFeedTests.swift in Sources */,
			);
			runOnlyForDeploymentPostprocessing = 0;
		};
		12086C042CD6C48900691154 /* Sources */ = {
			isa = PBXSourcesBuildPhase;
			buildActionMask = 2147483647;
			files = (
				12086C0F2CD6C48900691154 /* ImageFeedUITestsLaunchTests.swift in Sources */,
				121D05502D2C0FD100893B77 /* ImageFeedUITests.swift in Sources */,
				121D05522D2C103600893B77 /* AlertTest.swift in Sources */,
			);
			runOnlyForDeploymentPostprocessing = 0;
		};
/* End PBXSourcesBuildPhase section */

/* Begin PBXTargetDependency section */
		12086C002CD6C48900691154 /* PBXTargetDependency */ = {
			isa = PBXTargetDependency;
			target = 12086BE72CD6C48800691154 /* ImageFeed */;
			targetProxy = 12086BFF2CD6C48900691154 /* PBXContainerItemProxy */;
		};
		12086C0A2CD6C48900691154 /* PBXTargetDependency */ = {
			isa = PBXTargetDependency;
			target = 12086BE72CD6C48800691154 /* ImageFeed */;
			targetProxy = 12086C092CD6C48900691154 /* PBXContainerItemProxy */;
		};
/* End PBXTargetDependency section */

/* Begin PBXVariantGroup section */
		12086BF12CD6C48800691154 /* Main.storyboard */ = {
			isa = PBXVariantGroup;
			children = (
				12086BF22CD6C48800691154 /* Base */,
			);
			name = Main.storyboard;
			sourceTree = "<group>";
		};
		12086BF62CD6C48900691154 /* LaunchScreen.storyboard */ = {
			isa = PBXVariantGroup;
			children = (
				12086BF72CD6C48900691154 /* Base */,
			);
			name = LaunchScreen.storyboard;
			sourceTree = "<group>";
		};
/* End PBXVariantGroup section */

/* Begin XCBuildConfiguration section */
		12086C102CD6C48900691154 /* Debug */ = {
			isa = XCBuildConfiguration;
			buildSettings = {
				ALWAYS_SEARCH_USER_PATHS = NO;
				ASSETCATALOG_COMPILER_GENERATE_SWIFT_ASSET_SYMBOL_EXTENSIONS = YES;
				CLANG_ANALYZER_NONNULL = YES;
				CLANG_ANALYZER_NUMBER_OBJECT_CONVERSION = YES_AGGRESSIVE;
				CLANG_CXX_LANGUAGE_STANDARD = "gnu++20";
				CLANG_ENABLE_MODULES = YES;
				CLANG_ENABLE_OBJC_ARC = YES;
				CLANG_ENABLE_OBJC_WEAK = YES;
				CLANG_WARN_BLOCK_CAPTURE_AUTORELEASING = YES;
				CLANG_WARN_BOOL_CONVERSION = YES;
				CLANG_WARN_COMMA = YES;
				CLANG_WARN_CONSTANT_CONVERSION = YES;
				CLANG_WARN_DEPRECATED_OBJC_IMPLEMENTATIONS = YES;
				CLANG_WARN_DIRECT_OBJC_ISA_USAGE = YES_ERROR;
				CLANG_WARN_DOCUMENTATION_COMMENTS = YES;
				CLANG_WARN_EMPTY_BODY = YES;
				CLANG_WARN_ENUM_CONVERSION = YES;
				CLANG_WARN_INFINITE_RECURSION = YES;
				CLANG_WARN_INT_CONVERSION = YES;
				CLANG_WARN_NON_LITERAL_NULL_CONVERSION = YES;
				CLANG_WARN_OBJC_IMPLICIT_RETAIN_SELF = YES;
				CLANG_WARN_OBJC_LITERAL_CONVERSION = YES;
				CLANG_WARN_OBJC_ROOT_CLASS = YES_ERROR;
				CLANG_WARN_QUOTED_INCLUDE_IN_FRAMEWORK_HEADER = YES;
				CLANG_WARN_RANGE_LOOP_ANALYSIS = YES;
				CLANG_WARN_STRICT_PROTOTYPES = YES;
				CLANG_WARN_SUSPICIOUS_MOVE = YES;
				CLANG_WARN_UNGUARDED_AVAILABILITY = YES_AGGRESSIVE;
				CLANG_WARN_UNREACHABLE_CODE = YES;
				CLANG_WARN__DUPLICATE_METHOD_MATCH = YES;
				COPY_PHASE_STRIP = NO;
				DEBUG_INFORMATION_FORMAT = dwarf;
				ENABLE_STRICT_OBJC_MSGSEND = YES;
				ENABLE_TESTABILITY = YES;
				ENABLE_USER_SCRIPT_SANDBOXING = YES;
				GCC_C_LANGUAGE_STANDARD = gnu17;
				GCC_DYNAMIC_NO_PIC = NO;
				GCC_NO_COMMON_BLOCKS = YES;
				GCC_OPTIMIZATION_LEVEL = 0;
				GCC_PREPROCESSOR_DEFINITIONS = (
					"DEBUG=1",
					"$(inherited)",
				);
				GCC_WARN_64_TO_32_BIT_CONVERSION = YES;
				GCC_WARN_ABOUT_RETURN_TYPE = YES_ERROR;
				GCC_WARN_UNDECLARED_SELECTOR = YES;
				GCC_WARN_UNINITIALIZED_AUTOS = YES_AGGRESSIVE;
				GCC_WARN_UNUSED_FUNCTION = YES;
				GCC_WARN_UNUSED_VARIABLE = YES;
				IPHONEOS_DEPLOYMENT_TARGET = 17.5;
				LOCALIZATION_PREFERS_STRING_CATALOGS = YES;
				MTL_ENABLE_DEBUG_INFO = INCLUDE_SOURCE;
				MTL_FAST_MATH = YES;
				ONLY_ACTIVE_ARCH = YES;
				SDKROOT = iphoneos;
				SWIFT_ACTIVE_COMPILATION_CONDITIONS = "DEBUG $(inherited)";
				SWIFT_OPTIMIZATION_LEVEL = "-Onone";
			};
			name = Debug;
		};
		12086C112CD6C48900691154 /* Release */ = {
			isa = XCBuildConfiguration;
			buildSettings = {
				ALWAYS_SEARCH_USER_PATHS = NO;
				ASSETCATALOG_COMPILER_GENERATE_SWIFT_ASSET_SYMBOL_EXTENSIONS = YES;
				CLANG_ANALYZER_NONNULL = YES;
				CLANG_ANALYZER_NUMBER_OBJECT_CONVERSION = YES_AGGRESSIVE;
				CLANG_CXX_LANGUAGE_STANDARD = "gnu++20";
				CLANG_ENABLE_MODULES = YES;
				CLANG_ENABLE_OBJC_ARC = YES;
				CLANG_ENABLE_OBJC_WEAK = YES;
				CLANG_WARN_BLOCK_CAPTURE_AUTORELEASING = YES;
				CLANG_WARN_BOOL_CONVERSION = YES;
				CLANG_WARN_COMMA = YES;
				CLANG_WARN_CONSTANT_CONVERSION = YES;
				CLANG_WARN_DEPRECATED_OBJC_IMPLEMENTATIONS = YES;
				CLANG_WARN_DIRECT_OBJC_ISA_USAGE = YES_ERROR;
				CLANG_WARN_DOCUMENTATION_COMMENTS = YES;
				CLANG_WARN_EMPTY_BODY = YES;
				CLANG_WARN_ENUM_CONVERSION = YES;
				CLANG_WARN_INFINITE_RECURSION = YES;
				CLANG_WARN_INT_CONVERSION = YES;
				CLANG_WARN_NON_LITERAL_NULL_CONVERSION = YES;
				CLANG_WARN_OBJC_IMPLICIT_RETAIN_SELF = YES;
				CLANG_WARN_OBJC_LITERAL_CONVERSION = YES;
				CLANG_WARN_OBJC_ROOT_CLASS = YES_ERROR;
				CLANG_WARN_QUOTED_INCLUDE_IN_FRAMEWORK_HEADER = YES;
				CLANG_WARN_RANGE_LOOP_ANALYSIS = YES;
				CLANG_WARN_STRICT_PROTOTYPES = YES;
				CLANG_WARN_SUSPICIOUS_MOVE = YES;
				CLANG_WARN_UNGUARDED_AVAILABILITY = YES_AGGRESSIVE;
				CLANG_WARN_UNREACHABLE_CODE = YES;
				CLANG_WARN__DUPLICATE_METHOD_MATCH = YES;
				COPY_PHASE_STRIP = NO;
				DEBUG_INFORMATION_FORMAT = "dwarf-with-dsym";
				ENABLE_NS_ASSERTIONS = NO;
				ENABLE_STRICT_OBJC_MSGSEND = YES;
				ENABLE_USER_SCRIPT_SANDBOXING = YES;
				GCC_C_LANGUAGE_STANDARD = gnu17;
				GCC_NO_COMMON_BLOCKS = YES;
				GCC_WARN_64_TO_32_BIT_CONVERSION = YES;
				GCC_WARN_ABOUT_RETURN_TYPE = YES_ERROR;
				GCC_WARN_UNDECLARED_SELECTOR = YES;
				GCC_WARN_UNINITIALIZED_AUTOS = YES_AGGRESSIVE;
				GCC_WARN_UNUSED_FUNCTION = YES;
				GCC_WARN_UNUSED_VARIABLE = YES;
				IPHONEOS_DEPLOYMENT_TARGET = 17.5;
				LOCALIZATION_PREFERS_STRING_CATALOGS = YES;
				MTL_ENABLE_DEBUG_INFO = NO;
				MTL_FAST_MATH = YES;
				SDKROOT = iphoneos;
				SWIFT_COMPILATION_MODE = wholemodule;
				VALIDATE_PRODUCT = YES;
			};
			name = Release;
		};
		12086C132CD6C48900691154 /* Debug */ = {
			isa = XCBuildConfiguration;
			buildSettings = {
				ASSETCATALOG_COMPILER_APPICON_NAME = AppIcon;
				ASSETCATALOG_COMPILER_GLOBAL_ACCENT_COLOR_NAME = AccentColor;
				CODE_SIGN_STYLE = Automatic;
				CURRENT_PROJECT_VERSION = 1;
				DEVELOPMENT_TEAM = JU5W2NK7CF;
				GENERATE_INFOPLIST_FILE = YES;
				INFOPLIST_FILE = ImageFeed/Info.plist;
				INFOPLIST_KEY_UIApplicationSupportsIndirectInputEvents = YES;
				INFOPLIST_KEY_UILaunchStoryboardName = LaunchScreen;
				INFOPLIST_KEY_UIMainStoryboardFile = Main;
				INFOPLIST_KEY_UISupportedInterfaceOrientations = UIInterfaceOrientationPortrait;
				INFOPLIST_KEY_UISupportedInterfaceOrientations_iPad = "UIInterfaceOrientationLandscapeLeft UIInterfaceOrientationLandscapeRight UIInterfaceOrientationPortrait UIInterfaceOrientationPortraitUpsideDown";
				IPHONEOS_DEPLOYMENT_TARGET = 13.0;
				LD_RUNPATH_SEARCH_PATHS = (
					"$(inherited)",
					"@executable_path/Frameworks",
				);
				MARKETING_VERSION = 1.0;
				PRODUCT_BUNDLE_IDENTIFIER = ru.yandex.dianaviter.practicum.ImageFeed;
				PRODUCT_NAME = "$(TARGET_NAME)";
				SUPPORTED_PLATFORMS = "iphoneos iphonesimulator";
				SUPPORTS_MACCATALYST = NO;
				SWIFT_EMIT_LOC_STRINGS = YES;
				SWIFT_VERSION = 5.0;
				TARGETED_DEVICE_FAMILY = 1;
			};
			name = Debug;
		};
		12086C142CD6C48900691154 /* Release */ = {
			isa = XCBuildConfiguration;
			buildSettings = {
				ASSETCATALOG_COMPILER_APPICON_NAME = AppIcon;
				ASSETCATALOG_COMPILER_GLOBAL_ACCENT_COLOR_NAME = AccentColor;
				CODE_SIGN_STYLE = Automatic;
				CURRENT_PROJECT_VERSION = 1;
				DEVELOPMENT_TEAM = JU5W2NK7CF;
				GENERATE_INFOPLIST_FILE = YES;
				INFOPLIST_FILE = ImageFeed/Info.plist;
				INFOPLIST_KEY_UIApplicationSupportsIndirectInputEvents = YES;
				INFOPLIST_KEY_UILaunchStoryboardName = LaunchScreen;
				INFOPLIST_KEY_UIMainStoryboardFile = Main;
				INFOPLIST_KEY_UISupportedInterfaceOrientations = UIInterfaceOrientationPortrait;
				INFOPLIST_KEY_UISupportedInterfaceOrientations_iPad = "UIInterfaceOrientationLandscapeLeft UIInterfaceOrientationLandscapeRight UIInterfaceOrientationPortrait UIInterfaceOrientationPortraitUpsideDown";
				IPHONEOS_DEPLOYMENT_TARGET = 13.0;
				LD_RUNPATH_SEARCH_PATHS = (
					"$(inherited)",
					"@executable_path/Frameworks",
				);
				MARKETING_VERSION = 1.0;
				PRODUCT_BUNDLE_IDENTIFIER = ru.yandex.dianaviter.practicum.ImageFeed;
				PRODUCT_NAME = "$(TARGET_NAME)";
				SUPPORTED_PLATFORMS = "iphoneos iphonesimulator";
				SUPPORTS_MACCATALYST = NO;
				SWIFT_EMIT_LOC_STRINGS = YES;
				SWIFT_VERSION = 5.0;
				TARGETED_DEVICE_FAMILY = 1;
			};
			name = Release;
		};
		12086C162CD6C48900691154 /* Debug */ = {
			isa = XCBuildConfiguration;
			buildSettings = {
				ALWAYS_EMBED_SWIFT_STANDARD_LIBRARIES = YES;
				BUNDLE_LOADER = "$(TEST_HOST)";
				CODE_SIGN_STYLE = Automatic;
				CURRENT_PROJECT_VERSION = 1;
				DEVELOPMENT_TEAM = JU5W2NK7CF;
				GENERATE_INFOPLIST_FILE = YES;
				IPHONEOS_DEPLOYMENT_TARGET = 17.5;
				MARKETING_VERSION = 1.0;
				PRODUCT_BUNDLE_IDENTIFIER = ru.yandex.dianaviter.practicum.ImageFeedTests;
				PRODUCT_NAME = "$(TARGET_NAME)";
				SWIFT_EMIT_LOC_STRINGS = NO;
				SWIFT_VERSION = 5.0;
				TARGETED_DEVICE_FAMILY = "1,2";
				TEST_HOST = "$(BUILT_PRODUCTS_DIR)/ImageFeed.app/$(BUNDLE_EXECUTABLE_FOLDER_PATH)/ImageFeed";
			};
			name = Debug;
		};
		12086C172CD6C48900691154 /* Release */ = {
			isa = XCBuildConfiguration;
			buildSettings = {
				ALWAYS_EMBED_SWIFT_STANDARD_LIBRARIES = YES;
				BUNDLE_LOADER = "$(TEST_HOST)";
				CODE_SIGN_STYLE = Automatic;
				CURRENT_PROJECT_VERSION = 1;
				DEVELOPMENT_TEAM = JU5W2NK7CF;
				GENERATE_INFOPLIST_FILE = YES;
				IPHONEOS_DEPLOYMENT_TARGET = 17.5;
				MARKETING_VERSION = 1.0;
				PRODUCT_BUNDLE_IDENTIFIER = ru.yandex.dianaviter.practicum.ImageFeedTests;
				PRODUCT_NAME = "$(TARGET_NAME)";
				SWIFT_EMIT_LOC_STRINGS = NO;
				SWIFT_VERSION = 5.0;
				TARGETED_DEVICE_FAMILY = "1,2";
				TEST_HOST = "$(BUILT_PRODUCTS_DIR)/ImageFeed.app/$(BUNDLE_EXECUTABLE_FOLDER_PATH)/ImageFeed";
			};
			name = Release;
		};
		12086C192CD6C48900691154 /* Debug */ = {
			isa = XCBuildConfiguration;
			buildSettings = {
				ALWAYS_EMBED_SWIFT_STANDARD_LIBRARIES = YES;
				CODE_SIGN_STYLE = Automatic;
				CURRENT_PROJECT_VERSION = 1;
				DEVELOPMENT_TEAM = JU5W2NK7CF;
				GENERATE_INFOPLIST_FILE = YES;
				MARKETING_VERSION = 1.0;
				PRODUCT_BUNDLE_IDENTIFIER = ru.yandex.dianaviter.practicum.ImageFeedUITests;
				PRODUCT_NAME = "$(TARGET_NAME)";
				SWIFT_EMIT_LOC_STRINGS = NO;
				SWIFT_VERSION = 5.0;
				TARGETED_DEVICE_FAMILY = "1,2";
				TEST_TARGET_NAME = ImageFeed;
			};
			name = Debug;
		};
		12086C1A2CD6C48900691154 /* Release */ = {
			isa = XCBuildConfiguration;
			buildSettings = {
				ALWAYS_EMBED_SWIFT_STANDARD_LIBRARIES = YES;
				CODE_SIGN_STYLE = Automatic;
				CURRENT_PROJECT_VERSION = 1;
				DEVELOPMENT_TEAM = JU5W2NK7CF;
				GENERATE_INFOPLIST_FILE = YES;
				MARKETING_VERSION = 1.0;
				PRODUCT_BUNDLE_IDENTIFIER = ru.yandex.dianaviter.practicum.ImageFeedUITests;
				PRODUCT_NAME = "$(TARGET_NAME)";
				SWIFT_EMIT_LOC_STRINGS = NO;
				SWIFT_VERSION = 5.0;
				TARGETED_DEVICE_FAMILY = "1,2";
				TEST_TARGET_NAME = ImageFeed;
			};
			name = Release;
		};
/* End XCBuildConfiguration section */

/* Begin XCConfigurationList section */
		12086BE32CD6C48800691154 /* Build configuration list for PBXProject "ImageFeed" */ = {
			isa = XCConfigurationList;
			buildConfigurations = (
				12086C102CD6C48900691154 /* Debug */,
				12086C112CD6C48900691154 /* Release */,
			);
			defaultConfigurationIsVisible = 0;
			defaultConfigurationName = Release;
		};
		12086C122CD6C48900691154 /* Build configuration list for PBXNativeTarget "ImageFeed" */ = {
			isa = XCConfigurationList;
			buildConfigurations = (
				12086C132CD6C48900691154 /* Debug */,
				12086C142CD6C48900691154 /* Release */,
			);
			defaultConfigurationIsVisible = 0;
			defaultConfigurationName = Release;
		};
		12086C152CD6C48900691154 /* Build configuration list for PBXNativeTarget "ImageFeedTests" */ = {
			isa = XCConfigurationList;
			buildConfigurations = (
				12086C162CD6C48900691154 /* Debug */,
				12086C172CD6C48900691154 /* Release */,
			);
			defaultConfigurationIsVisible = 0;
			defaultConfigurationName = Release;
		};
		12086C182CD6C48900691154 /* Build configuration list for PBXNativeTarget "ImageFeedUITests" */ = {
			isa = XCConfigurationList;
			buildConfigurations = (
				12086C192CD6C48900691154 /* Debug */,
				12086C1A2CD6C48900691154 /* Release */,
			);
			defaultConfigurationIsVisible = 0;
			defaultConfigurationName = Release;
		};
/* End XCConfigurationList section */

/* Begin XCRemoteSwiftPackageReference section */
		121D05452D1AE18B00893B77 /* XCRemoteSwiftPackageReference "ProgressHUD" */ = {
			isa = XCRemoteSwiftPackageReference;
			repositoryURL = "https://github.com/relatedcode/ProgressHUD";
			requirement = {
				kind = exactVersion;
				version = 14.1.1;
			};
		};
		12984D882D2FEEDF009B6563 /* XCRemoteSwiftPackageReference "Kingfisher" */ = {
			isa = XCRemoteSwiftPackageReference;
			repositoryURL = "https://github.com/onevcat/Kingfisher";
			requirement = {
				kind = upToNextMajorVersion;
				minimumVersion = 8.1.3;
			};
		};
		12984D8B2D3015C8009B6563 /* XCRemoteSwiftPackageReference "SwiftKeychainWrapper" */ = {
			isa = XCRemoteSwiftPackageReference;
			repositoryURL = "https://github.com/jrendel/SwiftKeychainWrapper";
			requirement = {
				kind = upToNextMajorVersion;
				minimumVersion = 4.0.1;
			};
		};
/* End XCRemoteSwiftPackageReference section */

/* Begin XCSwiftPackageProductDependency section */
		121D05462D1AE47700893B77 /* ProgressHUD */ = {
			isa = XCSwiftPackageProductDependency;
			package = 121D05452D1AE18B00893B77 /* XCRemoteSwiftPackageReference "ProgressHUD" */;
			productName = ProgressHUD;
		};
		12984D892D2FEEDF009B6563 /* Kingfisher */ = {
			isa = XCSwiftPackageProductDependency;
			package = 12984D882D2FEEDF009B6563 /* XCRemoteSwiftPackageReference "Kingfisher" */;
			productName = Kingfisher;
		};
		12984D8C2D3015C8009B6563 /* SwiftKeychainWrapper */ = {
			isa = XCSwiftPackageProductDependency;
			package = 12984D8B2D3015C8009B6563 /* XCRemoteSwiftPackageReference "SwiftKeychainWrapper" */;
			productName = SwiftKeychainWrapper;
		};
/* End XCSwiftPackageProductDependency section */
	};
	rootObject = 12086BE02CD6C48800691154 /* Project object */;
}
